# THIS IS AN AUTOGENERATED FILE. DO NOT EDIT THIS FILE DIRECTLY.
# yarn lockfile v1


"@babel/runtime@^7.1.2", "@babel/runtime@^7.4.3", "@babel/runtime@^7.4.4":
  version "7.4.4"
  resolved "https://registry.yarnpkg.com/@babel/runtime/-/runtime-7.4.4.tgz#dc2e34982eb236803aa27a07fea6857af1b9171d"
  integrity sha512-w0+uT71b6Yi7i5SE0co4NioIpSYS6lLiXvCzWzGSKvpK5vdQtCbICHMj+gbAKAOtxiV6HsVh/MBdaF9EQ6faSg==
  dependencies:
    regenerator-runtime "^0.13.2"

asap@~2.0.3:
  version "2.0.6"
  resolved "https://registry.yarnpkg.com/asap/-/asap-2.0.6.tgz#e50347611d7e690943208bbdafebcbc2fb866d46"
  integrity sha1-5QNHYR1+aQlDIIu9r+vLwvuGbUY=

asn1.js@^4.0.0:
  version "4.10.1"
  resolved "https://registry.yarnpkg.com/asn1.js/-/asn1.js-4.10.1.tgz#b9c2bf5805f1e64aadeed6df3a2bfafb5a73f5a0"
  integrity sha512-p32cOF5q0Zqs9uBiONKYLm6BClCoBCM5O9JfeUSlnQLBTxYdTK+pW+nXflm8UkKd2UYlEbYz5qEi0JuZR9ckSw==
  dependencies:
    bn.js "^4.0.0"
    inherits "^2.0.1"
    minimalistic-assert "^1.0.0"

assert@^1.4.1:
  version "1.5.0"
  resolved "https://registry.yarnpkg.com/assert/-/assert-1.5.0.tgz#55c109aaf6e0aefdb3dc4b71240c70bf574b18eb"
  integrity sha512-EDsgawzwoun2CZkCgtxJbv392v4nbk9XDD06zI+kQYoBM/3RBWLlEyJARDOmhAAosBjWACEkKL6S+lIZtcAubA==
  dependencies:
    object-assign "^4.1.1"
    util "0.10.3"

base64-js@^1.0.2:
  version "1.3.0"
  resolved "https://registry.yarnpkg.com/base64-js/-/base64-js-1.3.0.tgz#cab1e6118f051095e58b5281aea8c1cd22bfc0e3"
  integrity sha512-ccav/yGvoa80BQDljCxsmmQ3Xvx60/UpBIij5QN21W3wBi/hhIC9OoO+KLpu9IJTS9j4DRVJ3aDDF9cMSoa2lw==

bn.js@^4.0.0, bn.js@^4.1.0, bn.js@^4.1.1, bn.js@^4.4.0:
  version "4.11.8"
  resolved "https://registry.yarnpkg.com/bn.js/-/bn.js-4.11.8.tgz#2cde09eb5ee341f484746bb0309b3253b1b1442f"
  integrity sha512-ItfYfPLkWHUjckQCk8xC+LwxgK8NYcXywGigJgSwOP8Y2iyWT4f2vsZnoOXTTbo+o5yXmIUJ4gn5538SO5S3gA==

bootstrap@^4.3.1:
  version "4.3.1"
  resolved "https://registry.yarnpkg.com/bootstrap/-/bootstrap-4.3.1.tgz#280ca8f610504d99d7b6b4bfc4b68cec601704ac"
  integrity sha512-rXqOmH1VilAt2DyPzluTi2blhk17bO7ef+zLLPlWvG494pDxcM234pJ8wTc/6R40UWizAIIMgxjvxZg5kmsbag==

brorand@^1.0.1:
  version "1.1.0"
  resolved "https://registry.yarnpkg.com/brorand/-/brorand-1.1.0.tgz#12c25efe40a45e3c323eb8675a0a0ce57b22371f"
  integrity sha1-EsJe/kCkXjwyPrhnWgoM5XsiNx8=

browserify-aes@^1.0.0, browserify-aes@^1.0.4:
  version "1.2.0"
  resolved "https://registry.yarnpkg.com/browserify-aes/-/browserify-aes-1.2.0.tgz#326734642f403dabc3003209853bb70ad428ef48"
  integrity sha512-+7CHXqGuspUn/Sl5aO7Ea0xWGAtETPXNSAjHo48JfLdPWcMng33Xe4znFvQweqc/uzk5zSOI3H52CYnjCfb5hA==
  dependencies:
    buffer-xor "^1.0.3"
    cipher-base "^1.0.0"
    create-hash "^1.1.0"
    evp_bytestokey "^1.0.3"
    inherits "^2.0.1"
    safe-buffer "^5.0.1"

browserify-cipher@^1.0.0:
  version "1.0.1"
  resolved "https://registry.yarnpkg.com/browserify-cipher/-/browserify-cipher-1.0.1.tgz#8d6474c1b870bfdabcd3bcfcc1934a10e94f15f0"
  integrity sha512-sPhkz0ARKbf4rRQt2hTpAHqn47X3llLkUGn+xEJzLjwY8LRs2p0v7ljvI5EyoRO/mexrNunNECisZs+gw2zz1w==
  dependencies:
    browserify-aes "^1.0.4"
    browserify-des "^1.0.0"
    evp_bytestokey "^1.0.0"

browserify-des@^1.0.0:
  version "1.0.2"
  resolved "https://registry.yarnpkg.com/browserify-des/-/browserify-des-1.0.2.tgz#3af4f1f59839403572f1c66204375f7a7f703e9c"
  integrity sha512-BioO1xf3hFwz4kc6iBhI3ieDFompMhrMlnDFC4/0/vd5MokpuAc3R+LYbwTA9A5Yc9pq9UYPqffKpW2ObuwX5A==
  dependencies:
    cipher-base "^1.0.1"
    des.js "^1.0.0"
    inherits "^2.0.1"
    safe-buffer "^5.1.2"

browserify-rsa@^4.0.0:
  version "4.0.1"
  resolved "https://registry.yarnpkg.com/browserify-rsa/-/browserify-rsa-4.0.1.tgz#21e0abfaf6f2029cf2fafb133567a701d4135524"
  integrity sha1-IeCr+vbyApzy+vsTNWenAdQTVSQ=
  dependencies:
    bn.js "^4.1.0"
    randombytes "^2.0.1"

browserify-sign@^4.0.0:
  version "4.0.4"
  resolved "https://registry.yarnpkg.com/browserify-sign/-/browserify-sign-4.0.4.tgz#aa4eb68e5d7b658baa6bf6a57e630cbd7a93d298"
  integrity sha1-qk62jl17ZYuqa/alfmMMvXqT0pg=
  dependencies:
    bn.js "^4.1.1"
    browserify-rsa "^4.0.0"
    create-hash "^1.1.0"
    create-hmac "^1.1.2"
    elliptic "^6.0.0"
    inherits "^2.0.1"
    parse-asn1 "^5.0.0"

browserify-zlib@^0.1.4:
  version "0.1.4"
  resolved "https://registry.yarnpkg.com/browserify-zlib/-/browserify-zlib-0.1.4.tgz#bb35f8a519f600e0fa6b8485241c979d0141fb2d"
  integrity sha1-uzX4pRn2AOD6a4SFJByXnQFB+y0=
  dependencies:
    pako "~0.2.0"

buffer-xor@^1.0.3:
  version "1.0.3"
  resolved "https://registry.yarnpkg.com/buffer-xor/-/buffer-xor-1.0.3.tgz#26e61ed1422fb70dd42e6e36729ed51d855fe8d9"
  integrity sha1-JuYe0UIvtw3ULm42cp7VHYVf6Nk=

buffer@^4.9.1:
  version "4.9.1"
  resolved "https://registry.yarnpkg.com/buffer/-/buffer-4.9.1.tgz#6d1bb601b07a4efced97094132093027c95bc298"
  integrity sha1-bRu2AbB6TvztlwlBMgkwJ8lbwpg=
  dependencies:
    base64-js "^1.0.2"
    ieee754 "^1.1.4"
    isarray "^1.0.0"

builtin-status-codes@^3.0.0:
  version "3.0.0"
  resolved "https://registry.yarnpkg.com/builtin-status-codes/-/builtin-status-codes-3.0.0.tgz#85982878e21b98e1c66425e03d0174788f569ee8"
  integrity sha1-hZgoeOIbmOHGZCXgPQF0eI9Wnug=

cipher-base@^1.0.0, cipher-base@^1.0.1, cipher-base@^1.0.3:
  version "1.0.4"
  resolved "https://registry.yarnpkg.com/cipher-base/-/cipher-base-1.0.4.tgz#8760e4ecc272f4c363532f926d874aae2c1397de"
  integrity sha512-Kkht5ye6ZGmwv40uUDZztayT2ThLQGfnj/T71N/XzeZeo3nf8foyW7zGTsPYkEya3m5f3cAypH+qe7YOrM1U2Q==
  dependencies:
    inherits "^2.0.1"
    safe-buffer "^5.0.1"

clone@^2.1.1:
  version "2.1.2"
  resolved "https://registry.yarnpkg.com/clone/-/clone-2.1.2.tgz#1b7f4b9f591f1e8f83670401600345a02887435f"
  integrity sha1-G39Ln1kfHo+DZwQBYANFoCiHQ18=

console-browserify@^1.1.0:
  version "1.1.0"
  resolved "https://registry.yarnpkg.com/console-browserify/-/console-browserify-1.1.0.tgz#f0241c45730a9fc6323b206dbf38edc741d0bb10"
  integrity sha1-8CQcRXMKn8YyOyBtvzjtx0HQuxA=
  dependencies:
    date-now "^0.1.4"

constants-browserify@^1.0.0:
  version "1.0.0"
  resolved "https://registry.yarnpkg.com/constants-browserify/-/constants-browserify-1.0.0.tgz#c20b96d8c617748aaf1c16021760cd27fcb8cb75"
  integrity sha1-wguW2MYXdIqvHBYCF2DNJ/y4y3U=

core-js@^1.0.0:
  version "1.2.7"
  resolved "https://registry.yarnpkg.com/core-js/-/core-js-1.2.7.tgz#652294c14651db28fa93bd2d5ff2983a4f08c636"
  integrity sha1-ZSKUwUZR2yj6k70tX/KYOk8IxjY=

core-util-is@~1.0.0:
  version "1.0.2"
  resolved "https://registry.yarnpkg.com/core-util-is/-/core-util-is-1.0.2.tgz#b5fd54220aa2bc5ab57aab7140c940754503c1a7"
  integrity sha1-tf1UIgqivFq1eqtxQMlAdUUDwac=

create-ecdh@^4.0.0:
  version "4.0.3"
  resolved "https://registry.yarnpkg.com/create-ecdh/-/create-ecdh-4.0.3.tgz#c9111b6f33045c4697f144787f9254cdc77c45ff"
  integrity sha512-GbEHQPMOswGpKXM9kCWVrremUcBmjteUaQ01T9rkKCPDXfUHX0IoP9LpHYo2NPFampa4e+/pFDc3jQdxrxQLaw==
  dependencies:
    bn.js "^4.1.0"
    elliptic "^6.0.0"

create-hash@^1.1.0, create-hash@^1.1.2:
  version "1.2.0"
  resolved "https://registry.yarnpkg.com/create-hash/-/create-hash-1.2.0.tgz#889078af11a63756bcfb59bd221996be3a9ef196"
  integrity sha512-z00bCGNHDG8mHAkP7CtT1qVu+bFQUPjYq/4Iv3C3kWjTFV10zIjfSoeqXo9Asws8gwSHDGj/hl2u4OGIjapeCg==
  dependencies:
    cipher-base "^1.0.1"
    inherits "^2.0.1"
    md5.js "^1.3.4"
    ripemd160 "^2.0.1"
    sha.js "^2.4.0"

create-hmac@^1.1.0, create-hmac@^1.1.2, create-hmac@^1.1.4:
  version "1.1.7"
  resolved "https://registry.yarnpkg.com/create-hmac/-/create-hmac-1.1.7.tgz#69170c78b3ab957147b2b8b04572e47ead2243ff"
  integrity sha512-MJG9liiZ+ogc4TzUwuvbER1JRdgvUFSB5+VR/g5h82fGaIRWMWddtKBHi7/sVhfjQZ6SehlyhvQYrcYkaUIpLg==
  dependencies:
    cipher-base "^1.0.3"
    create-hash "^1.1.0"
    inherits "^2.0.1"
    ripemd160 "^2.0.0"
    safe-buffer "^5.0.1"
    sha.js "^2.4.8"

create-react-context@^0.2.2:
  version "0.2.3"
  resolved "https://registry.yarnpkg.com/create-react-context/-/create-react-context-0.2.3.tgz#9ec140a6914a22ef04b8b09b7771de89567cb6f3"
  integrity sha512-CQBmD0+QGgTaxDL3OX1IDXYqjkp2It4RIbcb99jS6AEg27Ga+a9G3JtK6SIu0HBwPLZlmwt9F7UwWA4Bn92Rag==
  dependencies:
    fbjs "^0.8.0"
    gud "^1.0.0"

crypto-browserify@^3.11.0:
  version "3.12.0"
  resolved "https://registry.yarnpkg.com/crypto-browserify/-/crypto-browserify-3.12.0.tgz#396cf9f3137f03e4b8e532c58f698254e00f80ec"
  integrity sha512-fz4spIh+znjO2VjL+IdhEpRJ3YN6sMzITSBijk6FK2UvTqruSQW+/cCZTSNsMiZNvUeq0CqurF+dAbyiGOY6Wg==
  dependencies:
    browserify-cipher "^1.0.0"
    browserify-sign "^4.0.0"
    create-ecdh "^4.0.0"
    create-hash "^1.1.0"
    create-hmac "^1.1.0"
    diffie-hellman "^5.0.0"
    inherits "^2.0.1"
    pbkdf2 "^3.0.3"
    public-encrypt "^4.0.0"
    randombytes "^2.0.0"
    randomfill "^1.0.3"

date-now@^0.1.4:
  version "0.1.4"
  resolved "https://registry.yarnpkg.com/date-now/-/date-now-0.1.4.tgz#eaf439fd4d4848ad74e5cc7dbef200672b9e345b"
  integrity sha1-6vQ5/U1ISK105cx9vvIAZyueNFs=

des.js@^1.0.0:
  version "1.0.0"
  resolved "https://registry.yarnpkg.com/des.js/-/des.js-1.0.0.tgz#c074d2e2aa6a8a9a07dbd61f9a15c2cd83ec8ecc"
  integrity sha1-wHTS4qpqipoH29YfmhXCzYPsjsw=
  dependencies:
    inherits "^2.0.1"
    minimalistic-assert "^1.0.0"

diffie-hellman@^5.0.0:
  version "5.0.3"
  resolved "https://registry.yarnpkg.com/diffie-hellman/-/diffie-hellman-5.0.3.tgz#40e8ee98f55a2149607146921c63e1ae5f3d2875"
  integrity sha512-kqag/Nl+f3GwyK25fhUMYj81BUOrZ9IuJsjIcDE5icNM9FJHAVm3VcUDxdLPoQtTuUylWm6ZIknYJwwaPxsUzg==
  dependencies:
    bn.js "^4.1.0"
    miller-rabin "^4.0.0"
    randombytes "^2.0.0"

domain-browser@^1.1.7:
  version "1.2.0"
  resolved "https://registry.yarnpkg.com/domain-browser/-/domain-browser-1.2.0.tgz#3d31f50191a6749dd1375a7f522e823d42e54eda"
  integrity sha512-jnjyiM6eRyZl2H+W8Q/zLMA481hzi0eszAaBUzIVnmYVDBbnLxVNnfu1HgEBvCbL+71FrxMl3E6lpKH7Ge3OXA==

elliptic@^6.0.0:
  version "6.4.1"
  resolved "https://registry.yarnpkg.com/elliptic/-/elliptic-6.4.1.tgz#c2d0b7776911b86722c632c3c06c60f2f819939a"
  integrity sha512-BsXLz5sqX8OHcsh7CqBMztyXARmGQ3LWPtGjJi6DiJHq5C/qvi9P3OqgswKSDftbu8+IoI/QDTAm2fFnQ9SZSQ==
  dependencies:
    bn.js "^4.4.0"
    brorand "^1.0.1"
    hash.js "^1.0.0"
    hmac-drbg "^1.0.0"
    inherits "^2.0.1"
    minimalistic-assert "^1.0.0"
    minimalistic-crypto-utils "^1.0.0"

encoding@^0.1.11:
  version "0.1.12"
  resolved "https://registry.yarnpkg.com/encoding/-/encoding-0.1.12.tgz#538b66f3ee62cd1ab51ec323829d1f9480c74beb"
  integrity sha1-U4tm8+5izRq1HsMjgp0flIDHS+s=
  dependencies:
    iconv-lite "~0.4.13"

events@^1.1.1:
  version "1.1.1"
  resolved "https://registry.yarnpkg.com/events/-/events-1.1.1.tgz#9ebdb7635ad099c70dcc4c2a1f5004288e8bd924"
  integrity sha1-nr23Y1rQmccNzEwqH1AEKI6L2SQ=

evp_bytestokey@^1.0.0, evp_bytestokey@^1.0.3:
  version "1.0.3"
  resolved "https://registry.yarnpkg.com/evp_bytestokey/-/evp_bytestokey-1.0.3.tgz#7fcbdb198dc71959432efe13842684e0525acb02"
  integrity sha512-/f2Go4TognH/KvCISP7OUsHn85hT9nUkxxA9BEWxFn+Oj9o8ZNLm/40hdlgSLyuOimsrTKLUMEorQexp/aPQeA==
  dependencies:
    md5.js "^1.3.4"
    safe-buffer "^5.1.1"

exenv@^1.2.1:
  version "1.2.2"
  resolved "https://registry.yarnpkg.com/exenv/-/exenv-1.2.2.tgz#2ae78e85d9894158670b03d47bec1f03bd91bb9d"
  integrity sha1-KueOhdmJQVhnCwPUe+wfA72Ru50=

extend@^3.0.1:
  version "3.0.2"
  resolved "https://registry.yarnpkg.com/extend/-/extend-3.0.2.tgz#f8b1136b4071fbd8eb140aff858b1019ec2915fa"
  integrity sha512-fjquC59cD7CyW6urNXK0FBufkZcoiGG80wTuPujX590cB5Ttln20E2UB4S/WARVqhXffZl2LNgS+gQdPIIim/g==

fbjs@^0.8.0:
  version "0.8.17"
  resolved "https://registry.yarnpkg.com/fbjs/-/fbjs-0.8.17.tgz#c4d598ead6949112653d6588b01a5cdcd9f90fdd"
  integrity sha1-xNWY6taUkRJlPWWIsBpc3Nn5D90=
  dependencies:
    core-js "^1.0.0"
    isomorphic-fetch "^2.1.1"
    loose-envify "^1.0.0"
    object-assign "^4.1.0"
    promise "^7.1.1"
    setimmediate "^1.0.5"
    ua-parser-js "^0.7.18"

gud@^1.0.0:
  version "1.0.0"
  resolved "https://registry.yarnpkg.com/gud/-/gud-1.0.0.tgz#a489581b17e6a70beca9abe3ae57de7a499852c0"
  integrity sha512-zGEOVKFM5sVPPrYs7J5/hYEw2Pof8KCyOwyhG8sAF26mCAeUFAcYPu1mwB7hhpIP29zOIBaDqwuHdLp0jvZXjw==

hash-base@^3.0.0:
  version "3.0.4"
  resolved "https://registry.yarnpkg.com/hash-base/-/hash-base-3.0.4.tgz#5fc8686847ecd73499403319a6b0a3f3f6ae4918"
  integrity sha1-X8hoaEfs1zSZQDMZprCj8/auSRg=
  dependencies:
    inherits "^2.0.1"
    safe-buffer "^5.0.1"

hash.js@^1.0.0, hash.js@^1.0.3:
  version "1.1.7"
  resolved "https://registry.yarnpkg.com/hash.js/-/hash.js-1.1.7.tgz#0babca538e8d4ee4a0f8988d68866537a003cf42"
  integrity sha512-taOaskGt4z4SOANNseOviYDvjEJinIkRgmp7LbKP2YTTmVxWBl87s/uzK9r+44BclBSp2X7K1hqeNfz9JbBeXA==
  dependencies:
    inherits "^2.0.3"
    minimalistic-assert "^1.0.1"

history@^4.9.0:
  version "4.9.0"
  resolved "https://registry.yarnpkg.com/history/-/history-4.9.0.tgz#84587c2068039ead8af769e9d6a6860a14fa1bca"
  integrity sha512-H2DkjCjXf0Op9OAr6nJ56fcRkTSNrUiv41vNJ6IswJjif6wlpZK0BTfFbi7qK9dXLSYZxkq5lBsj3vUjlYBYZA==
  dependencies:
    "@babel/runtime" "^7.1.2"
    loose-envify "^1.2.0"
    resolve-pathname "^2.2.0"
    tiny-invariant "^1.0.2"
    tiny-warning "^1.0.0"
    value-equal "^0.4.0"

hmac-drbg@^1.0.0:
  version "1.0.1"
  resolved "https://registry.yarnpkg.com/hmac-drbg/-/hmac-drbg-1.0.1.tgz#d2745701025a6c775a6c545793ed502fc0c649a1"
  integrity sha1-0nRXAQJabHdabFRXk+1QL8DGSaE=
  dependencies:
    hash.js "^1.0.3"
    minimalistic-assert "^1.0.0"
    minimalistic-crypto-utils "^1.0.1"

hoist-non-react-statics@^3.1.0, hoist-non-react-statics@^3.3.0:
  version "3.3.0"
  resolved "https://registry.yarnpkg.com/hoist-non-react-statics/-/hoist-non-react-statics-3.3.0.tgz#b09178f0122184fb95acf525daaecb4d8f45958b"
  integrity sha512-0XsbTXxgiaCDYDIWFcwkmerZPSwywfUqYmwT4jzewKTQSWoE6FCMoUVOeBJWK3E/CrWbxRG3m5GzY4lnIwGRBA==
  dependencies:
    react-is "^16.7.0"

https-browserify@0.0.1:
  version "0.0.1"
  resolved "https://registry.yarnpkg.com/https-browserify/-/https-browserify-0.0.1.tgz#3f91365cabe60b77ed0ebba24b454e3e09d95a82"
  integrity sha1-P5E2XKvmC3ftDruiS0VOPgnZWoI=

iconv-lite@~0.4.13:
  version "0.4.24"
  resolved "https://registry.yarnpkg.com/iconv-lite/-/iconv-lite-0.4.24.tgz#2022b4b25fbddc21d2f524974a474aafe733908b"
  integrity sha512-v3MXnZAcvnywkTUEZomIActle7RXXeedOR31wwl7VlyoXO4Qi9arvSenNQWne1TcRwhCL1HwLI21bEqdpj8/rA==
  dependencies:
    safer-buffer ">= 2.1.2 < 3"

ieee754@^1.1.4:
  version "1.1.13"
  resolved "https://registry.yarnpkg.com/ieee754/-/ieee754-1.1.13.tgz#ec168558e95aa181fd87d37f55c32bbcb6708b84"
  integrity sha512-4vf7I2LYV/HaWerSo3XmlMkp5eZ83i+/CDluXi/IGTs/O1sejBNhTtnxzmRZfvOUqj7lZjqHkeTvpgSFDlWZTg==

indexof@0.0.1:
  version "0.0.1"
  resolved "https://registry.yarnpkg.com/indexof/-/indexof-0.0.1.tgz#82dc336d232b9062179d05ab3293a66059fd435d"
  integrity sha1-gtwzbSMrkGIXnQWrMpOmYFn9Q10=

inherits@2.0.1:
  version "2.0.1"
  resolved "https://registry.yarnpkg.com/inherits/-/inherits-2.0.1.tgz#b17d08d326b4423e568eff719f91b0b1cbdf69f1"
  integrity sha1-sX0I0ya0Qj5Wjv9xn5GwscvfafE=

inherits@2.0.3, inherits@^2.0.1, inherits@^2.0.3, inherits@~2.0.1, inherits@~2.0.3:
  version "2.0.3"
  resolved "https://registry.yarnpkg.com/inherits/-/inherits-2.0.3.tgz#633c2c83e3da42a502f52466022480f4208261de"
  integrity sha1-Yzwsg+PaQqUC9SRmAiSA9CCCYd4=

invariant@^2.2.4:
  version "2.2.4"
  resolved "https://registry.yarnpkg.com/invariant/-/invariant-2.2.4.tgz#610f3c92c9359ce1db616e538008d23ff35158e6"
  integrity sha512-phJfQVBuaJM5raOpJjSfkiD6BpbCE4Ns//LaXl6wGYtUBY83nWS6Rf9tXm2e8VaK60JEjYldbPif/A2B1C2gNA==
  dependencies:
    loose-envify "^1.0.0"

is-stream@^1.0.1:
  version "1.1.0"
  resolved "https://registry.yarnpkg.com/is-stream/-/is-stream-1.1.0.tgz#12d4a3dd4e68e0b79ceb8dbc84173ae80d91ca44"
  integrity sha1-EtSj3U5o4Lec6428hBc66A2RykQ=

isarray@0.0.1:
  version "0.0.1"
  resolved "https://registry.yarnpkg.com/isarray/-/isarray-0.0.1.tgz#8a18acfca9a8f4177e09abfc6038939b05d1eedf"
  integrity sha1-ihis/Kmo9Bd+Cav8YDiTmwXR7t8=

isarray@^1.0.0, isarray@~1.0.0:
  version "1.0.0"
  resolved "https://registry.yarnpkg.com/isarray/-/isarray-1.0.0.tgz#bb935d48582cba168c06834957a54a3e07124f11"
  integrity sha1-u5NdSFgsuhaMBoNJV6VKPgcSTxE=

isomorphic-fetch@^2.1.1:
  version "2.2.1"
  resolved "https://registry.yarnpkg.com/isomorphic-fetch/-/isomorphic-fetch-2.2.1.tgz#611ae1acf14f5e81f729507472819fe9733558a9"
  integrity sha1-YRrhrPFPXoH3KVB0coGf6XM1WKk=
  dependencies:
    node-fetch "^1.0.1"
    whatwg-fetch ">=0.10.0"

"js-tokens@^3.0.0 || ^4.0.0":
  version "4.0.0"
  resolved "https://registry.yarnpkg.com/js-tokens/-/js-tokens-4.0.0.tgz#19203fb59991df98e3a287050d4647cdeaf32499"
  integrity sha512-RdJUflcE3cUzKiMqQgsCu06FPu9UdIJO0beYbPhHN4k6apgJtifcoCtT9bcxOpYBtpD2kCM6Sbzg4CausW/PKQ==

lodash._basecallback@^3.0.0:
  version "3.3.1"
  resolved "https://registry.yarnpkg.com/lodash._basecallback/-/lodash._basecallback-3.3.1.tgz#b7b2bb43dc2160424a21ccf26c57e443772a8e27"
  integrity sha1-t7K7Q9whYEJKIczybFfkQ3cqjic=
  dependencies:
    lodash._baseisequal "^3.0.0"
    lodash._bindcallback "^3.0.0"
    lodash.isarray "^3.0.0"
    lodash.pairs "^3.0.0"

lodash._baseeach@^3.0.0:
  version "3.0.4"
  resolved "https://registry.yarnpkg.com/lodash._baseeach/-/lodash._baseeach-3.0.4.tgz#cf8706572ca144e8d9d75227c990da982f932af3"
  integrity sha1-z4cGVyyhROjZ11InyZDamC+TKvM=
  dependencies:
    lodash.keys "^3.0.0"

lodash._basefind@^3.0.0:
  version "3.0.0"
  resolved "https://registry.yarnpkg.com/lodash._basefind/-/lodash._basefind-3.0.0.tgz#b2bba05cc645f972de2cf925fa2bf63a0f60c8ae"
  integrity sha1-srugXMZF+XLeLPkl+iv2Og9gyK4=

lodash._basefindindex@^3.0.0:
  version "3.6.0"
  resolved "https://registry.yarnpkg.com/lodash._basefindindex/-/lodash._basefindindex-3.6.0.tgz#f083360a1b022418ed81bc899beb312e21e74a4f"
  integrity sha1-8IM2ChsCJBjtgbyJm+sxLiHnSk8=

lodash._baseisequal@^3.0.0:
  version "3.0.7"
  resolved "https://registry.yarnpkg.com/lodash._baseisequal/-/lodash._baseisequal-3.0.7.tgz#d8025f76339d29342767dcc887ce5cb95a5b51f1"
  integrity sha1-2AJfdjOdKTQnZ9zIh85cuVpbUfE=
  dependencies:
    lodash.isarray "^3.0.0"
    lodash.istypedarray "^3.0.0"
    lodash.keys "^3.0.0"

lodash._baseismatch@^3.0.0:
  version "3.1.3"
  resolved "https://registry.yarnpkg.com/lodash._baseismatch/-/lodash._baseismatch-3.1.3.tgz#0728fc48efa11699d3d5f2d73049f2ab13c40fd5"
  integrity sha1-Byj8SO+hFpnT1fLXMEnyqxPED9U=
  dependencies:
    lodash._baseisequal "^3.0.0"

lodash._basematches@^3.0.0:
  version "3.2.0"
  resolved "https://registry.yarnpkg.com/lodash._basematches/-/lodash._basematches-3.2.0.tgz#f47e03f07ec20784ab0968d0cb6cb597e2101158"
  integrity sha1-9H4D8H7CB4SrCWjQy2y1l+IQEVg=
  dependencies:
    lodash._baseismatch "^3.0.0"
    lodash.pairs "^3.0.0"

lodash._bindcallback@^3.0.0:
  version "3.0.1"
  resolved "https://registry.yarnpkg.com/lodash._bindcallback/-/lodash._bindcallback-3.0.1.tgz#e531c27644cf8b57a99e17ed95b35c748789392e"
  integrity sha1-5THCdkTPi1epnhftlbNcdIeJOS4=

lodash._getnative@^3.0.0:
  version "3.9.1"
  resolved "https://registry.yarnpkg.com/lodash._getnative/-/lodash._getnative-3.9.1.tgz#570bc7dede46d61cdcde687d65d3eecbaa3aaff5"
  integrity sha1-VwvH3t5G1hzc3mh9ZdPuy6o6r/U=

lodash.every@^4.6.0:
  version "4.6.0"
  resolved "https://registry.yarnpkg.com/lodash.every/-/lodash.every-4.6.0.tgz#eb89984bebc4364279bb3aefbbd1ca19bfa6c6a7"
  integrity sha1-64mYS+vENkJ5uzrvu9HKGb+mxqc=

lodash.find@^3.0.0:
  version "3.2.1"
  resolved "https://registry.yarnpkg.com/lodash.find/-/lodash.find-3.2.1.tgz#046e319f3ace912ac6c9246c7f683c5ec07b36ad"
  integrity sha1-BG4xnzrOkSrGySRsf2g8XsB7Nq0=
  dependencies:
    lodash._basecallback "^3.0.0"
    lodash._baseeach "^3.0.0"
    lodash._basefind "^3.0.0"
    lodash._basefindindex "^3.0.0"
    lodash.isarray "^3.0.0"
    lodash.keys "^3.0.0"

lodash.find@^4.6.0:
  version "4.6.0"
  resolved "https://registry.yarnpkg.com/lodash.find/-/lodash.find-4.6.0.tgz#cb0704d47ab71789ffa0de8b97dd926fb88b13b1"
  integrity sha1-ywcE1Hq3F4n/oN6Ll92Sb7iLE7E=

lodash.findwhere@^3.1.0:
  version "3.1.0"
  resolved "https://registry.yarnpkg.com/lodash.findwhere/-/lodash.findwhere-3.1.0.tgz#7937d34f3eac818dec7fa94e8ca5e26fdba1cfc1"
  integrity sha1-eTfTTz6sgY3sf6lOjKXib9uhz8E=
  dependencies:
    lodash._basematches "^3.0.0"
    lodash.find "^3.0.0"

lodash.foreach@^4.5.0:
  version "4.5.0"
  resolved "https://registry.yarnpkg.com/lodash.foreach/-/lodash.foreach-4.5.0.tgz#1a6a35eace401280c7f06dddec35165ab27e3e53"
  integrity sha1-Gmo16s5AEoDH8G3d7DUWWrJ+PlM=

lodash.includes@^4.3.0:
  version "4.3.0"
  resolved "https://registry.yarnpkg.com/lodash.includes/-/lodash.includes-4.3.0.tgz#60bb98a87cb923c68ca1e51325483314849f553f"
  integrity sha1-YLuYqHy5I8aMoeUTJUgzFISfVT8=

lodash.isarguments@^3.0.0:
  version "3.1.0"
  resolved "https://registry.yarnpkg.com/lodash.isarguments/-/lodash.isarguments-3.1.0.tgz#2f573d85c6a24289ff00663b491c1d338ff3458a"
  integrity sha1-L1c9hcaiQon/AGY7SRwdM4/zRYo=

lodash.isarray@^3.0.0:
  version "3.0.4"
  resolved "https://registry.yarnpkg.com/lodash.isarray/-/lodash.isarray-3.0.4.tgz#79e4eb88c36a8122af86f844aa9bcd851b5fbb55"
  integrity sha1-eeTriMNqgSKvhvhEqpvNhRtfu1U=

lodash.isempty@^4.4.0:
  version "4.4.0"
  resolved "https://registry.yarnpkg.com/lodash.isempty/-/lodash.isempty-4.4.0.tgz#6f86cbedd8be4ec987be9aaf33c9684db1b31e7e"
  integrity sha1-b4bL7di+TsmHvpqvM8loTbGzHn4=

lodash.isobject@^3.0.2:
  version "3.0.2"
  resolved "https://registry.yarnpkg.com/lodash.isobject/-/lodash.isobject-3.0.2.tgz#3c8fb8d5b5bf4bf90ae06e14f2a530a4ed935e1d"
  integrity sha1-PI+41bW/S/kK4G4U8qUwpO2TXh0=

lodash.istypedarray@^3.0.0:
  version "3.0.6"
  resolved "https://registry.yarnpkg.com/lodash.istypedarray/-/lodash.istypedarray-3.0.6.tgz#c9a477498607501d8e8494d283b87c39281cef62"
  integrity sha1-yaR3SYYHUB2OhJTSg7h8OSgc72I=

lodash.keys@^3.0.0:
  version "3.1.2"
  resolved "https://registry.yarnpkg.com/lodash.keys/-/lodash.keys-3.1.2.tgz#4dbc0472b156be50a0b286855d1bd0b0c656098a"
  integrity sha1-TbwEcrFWvlCgsoaFXRvQsMZWCYo=
  dependencies:
    lodash._getnative "^3.0.0"
    lodash.isarguments "^3.0.0"
    lodash.isarray "^3.0.0"

lodash.omit@^4.5.0:
  version "4.5.0"
  resolved "https://registry.yarnpkg.com/lodash.omit/-/lodash.omit-4.5.0.tgz#6eb19ae5a1ee1dd9df0b969e66ce0b7fa30b5e60"
  integrity sha1-brGa5aHuHdnfC5aeZs4Lf6MLXmA=

lodash.pairs@^3.0.0:
  version "3.0.1"
  resolved "https://registry.yarnpkg.com/lodash.pairs/-/lodash.pairs-3.0.1.tgz#bbe08d5786eeeaa09a15c91ebf0dcb7d2be326a9"
  integrity sha1-u+CNV4bu6qCaFckevw3LfSvjJqk=
  dependencies:
    lodash.keys "^3.0.0"

lodash.pick@^4.4.0:
  version "4.4.0"
  resolved "https://registry.yarnpkg.com/lodash.pick/-/lodash.pick-4.4.0.tgz#52f05610fff9ded422611441ed1fc123a03001b3"
  integrity sha1-UvBWEP/53tQiYRRB7R/BI6AwAbM=

lodash.union@^4.6.0:
  version "4.6.0"
  resolved "https://registry.yarnpkg.com/lodash.union/-/lodash.union-4.6.0.tgz#48bb5088409f16f1821666641c44dd1aaae3cd88"
  integrity sha1-SLtQiECfFvGCFmZkHETdGqrjzYg=

lodash.uniq@^4.5.0:
  version "4.5.0"
  resolved "https://registry.yarnpkg.com/lodash.uniq/-/lodash.uniq-4.5.0.tgz#d0225373aeb652adc1bc82e4945339a842754773"
  integrity sha1-0CJTc662Uq3BvILklFM5qEJ1R3M=

lodash.without@^4.4.0:
  version "4.4.0"
  resolved "https://registry.yarnpkg.com/lodash.without/-/lodash.without-4.4.0.tgz#3cd4574a00b67bae373a94b748772640507b7aac"
  integrity sha1-PNRXSgC2e643OpS3SHcmQFB7eqw=

lodash@^4.17.11:
  version "4.17.11"
  resolved "https://registry.yarnpkg.com/lodash/-/lodash-4.17.11.tgz#b39ea6229ef607ecd89e2c8df12536891cac9b8d"
  integrity sha512-cQKh8igo5QUhZ7lg38DYWAxMvjSAKG0A8wGSVimP07SIUEK2UO+arSRKbRZWtelMtN5V0Hkwh5ryOto/SshYIg==

loose-envify@^1.0.0, loose-envify@^1.1.0, loose-envify@^1.2.0, loose-envify@^1.3.1, loose-envify@^1.4.0:
  version "1.4.0"
  resolved "https://registry.yarnpkg.com/loose-envify/-/loose-envify-1.4.0.tgz#71ee51fa7be4caec1a63839f7e682d8132d30caf"
  integrity sha512-lyuxPGr/Wfhrlem2CL/UcnUc1zcqKAImBDzukY7Y5F/yQiNdko6+fRLevlw1HgMySw7f611UIY408EtxRSoK3Q==
  dependencies:
    js-tokens "^3.0.0 || ^4.0.0"

md5.js@^1.3.4:
  version "1.3.5"
  resolved "https://registry.yarnpkg.com/md5.js/-/md5.js-1.3.5.tgz#b5d07b8e3216e3e27cd728d72f70d1e6a342005f"
  integrity sha512-xitP+WxNPcTTOgnTJcrhM0xvdPepipPSf3I8EIpGKeFLjt3PlJLIDG3u8EX53ZIubkb+5U2+3rELYpEhHhzdkg==
  dependencies:
    hash-base "^3.0.0"
    inherits "^2.0.1"
    safe-buffer "^5.1.2"

message-box@^0.2.0:
  version "0.2.1"
  resolved "https://registry.yarnpkg.com/message-box/-/message-box-0.2.1.tgz#2a28c459cd7e721d23334f471c1d2475ef5f2c67"
  integrity sha512-4xDqKkw84G5qtNKzmywJ+OR+ypjpHGJeKaLKnVE5LtbFGDTDwvL+c/mc7S9rRr4bzopJUiCvdPWjnnOI9qco8Q==
  dependencies:
    lodash "^4.17.11"

meteor-node-stubs@^0.4.1:
  version "0.4.1"
  resolved "https://registry.yarnpkg.com/meteor-node-stubs/-/meteor-node-stubs-0.4.1.tgz#f755d8f127c1a1ae3d57dc71df197bb8c0e26767"
  integrity sha512-UO2OStvLOKoApmOdIP5eCqoLaa/ritMXRg4ffJVdkNLEsczzPvTjgC0Mxk4cM4R8MZkwll90FYgjDf5qUTJdMA==
  dependencies:
    assert "^1.4.1"
    browserify-zlib "^0.1.4"
    buffer "^4.9.1"
    console-browserify "^1.1.0"
    constants-browserify "^1.0.0"
    crypto-browserify "^3.11.0"
    domain-browser "^1.1.7"
    events "^1.1.1"
    https-browserify "0.0.1"
    os-browserify "^0.2.1"
    path-browserify "0.0.0"
    process "^0.11.9"
    punycode "^1.4.1"
    querystring-es3 "^0.2.1"
    readable-stream "^2.3.6"
    stream-browserify "^2.0.1"
    stream-http "^2.8.0"
    string_decoder "^1.1.0"
    timers-browserify "^1.4.2"
    tty-browserify "0.0.0"
    url "^0.11.0"
    util "^0.10.3"
    vm-browserify "0.0.4"

miller-rabin@^4.0.0:
  version "4.0.1"
  resolved "https://registry.yarnpkg.com/miller-rabin/-/miller-rabin-4.0.1.tgz#f080351c865b0dc562a8462966daa53543c78a4d"
  integrity sha512-115fLhvZVqWwHPbClyntxEVfVDfl9DLLTuJvq3g2O/Oxi8AiNouAHvDSzHS0viUJc+V5vm3eq91Xwqn9dp4jRA==
  dependencies:
    bn.js "^4.0.0"
    brorand "^1.0.1"

minimalistic-assert@^1.0.0, minimalistic-assert@^1.0.1:
  version "1.0.1"
  resolved "https://registry.yarnpkg.com/minimalistic-assert/-/minimalistic-assert-1.0.1.tgz#2e194de044626d4a10e7f7fbc00ce73e83e4d5c7"
  integrity sha512-UtJcAD4yEaGtjPezWuO9wC4nwUnVH/8/Im3yEHQP4b67cXlD/Qr9hdITCU1xDbSEXg2XKNaP8jsReV7vQd00/A==

minimalistic-crypto-utils@^1.0.0, minimalistic-crypto-utils@^1.0.1:
  version "1.0.1"
  resolved "https://registry.yarnpkg.com/minimalistic-crypto-utils/-/minimalistic-crypto-utils-1.0.1.tgz#f6c00c1c0b082246e5c4d99dfb8c7c083b2b582a"
  integrity sha1-9sAMHAsIIkblxNmd+4x8CDsrWCo=

mongo-object@^0.1.3:
  version "0.1.3"
  resolved "https://registry.yarnpkg.com/mongo-object/-/mongo-object-0.1.3.tgz#56b2a46d3ae4f0bdb1935241928fb444034b92e5"
  integrity sha512-m3vs+a1JkvRXELJMe2ieMmBe03NUy6bctGjWicRhReYj8brDi0ojKHLKLmXWr/RupNaFP8Q7/x8xG8GpFtp9wg==
  dependencies:
    lodash.foreach "^4.5.0"
    lodash.isempty "^4.4.0"
    lodash.isobject "^3.0.2"
    lodash.without "^4.4.0"

node-fetch@^1.0.1:
  version "1.7.3"
  resolved "https://registry.yarnpkg.com/node-fetch/-/node-fetch-1.7.3.tgz#980f6f72d85211a5347c6b2bc18c5b84c3eb47ef"
  integrity sha512-NhZ4CsKx7cYm2vSrBAr2PvFOe6sWDf0UYLRqA6svUYg7+/TSfVAu49jYC4BvQ4Sms9SZgdqGBgroqfDhJdTyKQ==
  dependencies:
    encoding "^0.1.11"
    is-stream "^1.0.1"

normalize.css@^8.0.1:
  version "8.0.1"
  resolved "https://registry.yarnpkg.com/normalize.css/-/normalize.css-8.0.1.tgz#9b98a208738b9cc2634caacbc42d131c97487bf3"
  integrity sha512-qizSNPO93t1YUuUhP22btGOo3chcvDFqFaj2TRybP0DMxkHOCTYwp3n34fel4a31ORXy4m1Xq0Gyqpb5m33qIg==

object-assign@^4.1.0, object-assign@^4.1.1:
  version "4.1.1"
  resolved "https://registry.yarnpkg.com/object-assign/-/object-assign-4.1.1.tgz#2109adc7965887cfc05cbbd442cac8bfbb360863"
  integrity sha1-IQmtx5ZYh8/AXLvUQsrIv7s2CGM=

os-browserify@^0.2.1:
  version "0.2.1"
  resolved "https://registry.yarnpkg.com/os-browserify/-/os-browserify-0.2.1.tgz#63fc4ccee5d2d7763d26bbf8601078e6c2e0044f"
  integrity sha1-Y/xMzuXS13Y9Jrv4YBB45sLgBE8=

pako@~0.2.0:
  version "0.2.9"
  resolved "https://registry.yarnpkg.com/pako/-/pako-0.2.9.tgz#f3f7522f4ef782348da8161bad9ecfd51bf83a75"
  integrity sha1-8/dSL073gjSNqBYbrZ7P1Rv4OnU=

parse-asn1@^5.0.0:
  version "5.1.4"
  resolved "https://registry.yarnpkg.com/parse-asn1/-/parse-asn1-5.1.4.tgz#37f6628f823fbdeb2273b4d540434a22f3ef1fcc"
  integrity sha512-Qs5duJcuvNExRfFZ99HDD3z4mAi3r9Wl/FOjEOijlxwCZs7E7mW2vjTpgQ4J8LpTF8x5v+1Vn5UQFejmWT11aw==
  dependencies:
    asn1.js "^4.0.0"
    browserify-aes "^1.0.0"
    create-hash "^1.1.0"
    evp_bytestokey "^1.0.0"
    pbkdf2 "^3.0.3"
    safe-buffer "^5.1.1"

path-browserify@0.0.0:
  version "0.0.0"
  resolved "https://registry.yarnpkg.com/path-browserify/-/path-browserify-0.0.0.tgz#a0b870729aae214005b7d5032ec2cbbb0fb4451a"
  integrity sha1-oLhwcpquIUAFt9UDLsLLuw+0RRo=

path-to-regexp@^1.7.0:
  version "1.7.0"
  resolved "https://registry.yarnpkg.com/path-to-regexp/-/path-to-regexp-1.7.0.tgz#59fde0f435badacba103a84e9d3bc64e96b9937d"
  integrity sha1-Wf3g9DW62suhA6hOnTvGTpa5k30=
  dependencies:
    isarray "0.0.1"

pbkdf2@^3.0.3:
  version "3.0.17"
  resolved "https://registry.yarnpkg.com/pbkdf2/-/pbkdf2-3.0.17.tgz#976c206530617b14ebb32114239f7b09336e93a6"
  integrity sha512-U/il5MsrZp7mGg3mSQfn742na2T+1/vHDCG5/iTI3X9MKUuYUZVLQhyRsg06mCgDBTd57TxzgZt7P+fYfjRLtA==
  dependencies:
    create-hash "^1.1.2"
    create-hmac "^1.1.4"
    ripemd160 "^2.0.1"
    safe-buffer "^5.0.1"
    sha.js "^2.4.8"

process-nextick-args@~2.0.0:
  version "2.0.0"
  resolved "https://registry.yarnpkg.com/process-nextick-args/-/process-nextick-args-2.0.0.tgz#a37d732f4271b4ab1ad070d35508e8290788ffaa"
  integrity sha512-MtEC1TqN0EU5nephaJ4rAtThHtC86dNN9qCuEhtshvpVBkAW5ZO7BASN9REnF9eoXGcRub+pFuKEpOHE+HbEMw==

process@^0.11.9, process@~0.11.0:
  version "0.11.10"
  resolved "https://registry.yarnpkg.com/process/-/process-0.11.10.tgz#7332300e840161bda3e69a1d1d91a7d4bc16f182"
  integrity sha1-czIwDoQBYb2j5podHZGn1LwW8YI=

promise@^7.1.1:
  version "7.3.1"
  resolved "https://registry.yarnpkg.com/promise/-/promise-7.3.1.tgz#064b72602b18f90f29192b8b1bc418ffd1ebd3bf"
  integrity sha512-nolQXZ/4L+bP/UGlkfaIujX9BKxGwmQ9OT4mOt5yvy8iK1h3wqTEJCijzGANTCCl9nWjY41juyAn2K3Q1hLLTg==
  dependencies:
    asap "~2.0.3"

prop-types@^15.5.4, prop-types@^15.6.2, prop-types@^15.7.2:
  version "15.7.2"
  resolved "https://registry.yarnpkg.com/prop-types/-/prop-types-15.7.2.tgz#52c41e75b8c87e72b9d9360e0206b99dcbffa6c5"
  integrity sha512-8QQikdH7//R2vurIJSutZ1smHYTcLpRWEOlHnzcWHmBYrOGUysKwSsrC89BCiFj3CbrfJ/nXFdJepOVrY1GCHQ==
  dependencies:
    loose-envify "^1.4.0"
    object-assign "^4.1.1"
    react-is "^16.8.1"

public-encrypt@^4.0.0:
  version "4.0.3"
  resolved "https://registry.yarnpkg.com/public-encrypt/-/public-encrypt-4.0.3.tgz#4fcc9d77a07e48ba7527e7cbe0de33d0701331e0"
  integrity sha512-zVpa8oKZSz5bTMTFClc1fQOnyyEzpl5ozpi1B5YcvBrdohMjH2rfsBtyXcuNuwjsDIXmBYlF2N5FlJYhR29t8Q==
  dependencies:
    bn.js "^4.1.0"
    browserify-rsa "^4.0.0"
    create-hash "^1.1.0"
    parse-asn1 "^5.0.0"
    randombytes "^2.0.1"
    safe-buffer "^5.1.2"

punycode@1.3.2:
  version "1.3.2"
  resolved "https://registry.yarnpkg.com/punycode/-/punycode-1.3.2.tgz#9653a036fb7c1ee42342f2325cceefea3926c48d"
  integrity sha1-llOgNvt8HuQjQvIyXM7v6jkmxI0=

punycode@^1.4.1:
  version "1.4.1"
  resolved "https://registry.yarnpkg.com/punycode/-/punycode-1.4.1.tgz#c0d5a63b2718800ad8e1eb0fa5269c84dd41845e"
  integrity sha1-wNWmOycYgArY4esPpSachN1BhF4=

querystring-es3@^0.2.1:
  version "0.2.1"
  resolved "https://registry.yarnpkg.com/querystring-es3/-/querystring-es3-0.2.1.tgz#9ec61f79049875707d69414596fd907a4d711e73"
  integrity sha1-nsYfeQSYdXB9aUFFlv2Qek1xHnM=

querystring@0.2.0:
  version "0.2.0"
  resolved "https://registry.yarnpkg.com/querystring/-/querystring-0.2.0.tgz#b209849203bb25df820da756e747005878521620"
  integrity sha1-sgmEkgO7Jd+CDadW50cAWHhSFiA=

randombytes@^2.0.0, randombytes@^2.0.1, randombytes@^2.0.5:
  version "2.1.0"
  resolved "https://registry.yarnpkg.com/randombytes/-/randombytes-2.1.0.tgz#df6f84372f0270dc65cdf6291349ab7a473d4f2a"
  integrity sha512-vYl3iOX+4CKUWuxGi9Ukhie6fsqXqS9FE2Zaic4tNFD2N2QQaXOMFbuKK4QmDHC0JO6B1Zp41J0LpT0oR68amQ==
  dependencies:
    safe-buffer "^5.1.0"

randomfill@^1.0.3:
  version "1.0.4"
  resolved "https://registry.yarnpkg.com/randomfill/-/randomfill-1.0.4.tgz#c92196fc86ab42be983f1bf31778224931d61458"
  integrity sha512-87lcbR8+MhcWcUiQ+9e+Rwx8MyR2P7qnt15ynUlbm3TU/fjbgz4GsvfSUDTemtCCtVCqb4ZcEFlyPNTh9bBTLw==
  dependencies:
    randombytes "^2.0.5"
    safe-buffer "^5.1.0"

react-dom@^16.8.6:
  version "16.8.6"
  resolved "https://registry.yarnpkg.com/react-dom/-/react-dom-16.8.6.tgz#71d6303f631e8b0097f56165ef608f051ff6e10f"
  integrity sha512-1nL7PIq9LTL3fthPqwkvr2zY7phIPjYrT0jp4HjyEQrEROnw4dG41VVwi/wfoCneoleqrNX7iAD+pXebJZwrwA==
  dependencies:
    loose-envify "^1.1.0"
    object-assign "^4.1.1"
    prop-types "^15.6.2"
    scheduler "^0.13.6"

react-fast-compare@^2.0.2:
  version "2.0.4"
  resolved "https://registry.yarnpkg.com/react-fast-compare/-/react-fast-compare-2.0.4.tgz#e84b4d455b0fec113e0402c329352715196f81f9"
  integrity sha512-suNP+J1VU1MWFKcyt7RtjiSWUjvidmQSlqu+eHslq+342xCbGTYmC0mEhPCOHxlW0CywylOC1u2DFAT+bv4dBw==

react-helmet@^5.2.0:
  version "5.2.1"
  resolved "https://registry.yarnpkg.com/react-helmet/-/react-helmet-5.2.1.tgz#16a7192fdd09951f8e0fe22ffccbf9bb3e591ffa"
  integrity sha512-CnwD822LU8NDBnjCpZ4ySh8L6HYyngViTZLfBBb3NjtrpN8m49clH8hidHouq20I51Y6TpCTISCBbqiY5GamwA==
  dependencies:
    object-assign "^4.1.1"
    prop-types "^15.5.4"
    react-fast-compare "^2.0.2"
    react-side-effect "^1.1.0"

react-is@^16.6.0, react-is@^16.7.0, react-is@^16.8.1, react-is@^16.8.6:
  version "16.8.6"
  resolved "https://registry.yarnpkg.com/react-is/-/react-is-16.8.6.tgz#5bbc1e2d29141c9fbdfed456343fe2bc430a6a16"
  integrity sha512-aUk3bHfZ2bRSVFFbbeVS4i+lNPZr3/WM5jT2J5omUVV1zzcs1nAaf3l51ctA5FFvCRbhrH0bdAsRRQddFJZPtA==

react-redux@^7.0.2:
  version "7.0.3"
  resolved "https://registry.yarnpkg.com/react-redux/-/react-redux-7.0.3.tgz#983c5a6de81cb1e696bd1c090ba826545f9170f1"
  integrity sha512-vYZA7ftOYlDk3NetitsI7fLjryt/widNl1SLXYvFenIpm7vjb4ryK0EeFrgn62usg5fYkyIAWNUPKnwWPevKLg==
  dependencies:
    "@babel/runtime" "^7.4.3"
    hoist-non-react-statics "^3.3.0"
    invariant "^2.2.4"
    loose-envify "^1.4.0"
    prop-types "^15.7.2"
    react-is "^16.8.6"

react-router-dom@^5.0.0:
  version "5.0.0"
  resolved "https://registry.yarnpkg.com/react-router-dom/-/react-router-dom-5.0.0.tgz#542a9b86af269a37f0b87218c4c25ea8dcf0c073"
  integrity sha512-wSpja5g9kh5dIteZT3tUoggjnsa+TPFHSMrpHXMpFsaHhQkm/JNVGh2jiF9Dkh4+duj4MKCkwO6H08u6inZYgQ==
  dependencies:
    "@babel/runtime" "^7.1.2"
    history "^4.9.0"
    loose-envify "^1.3.1"
    prop-types "^15.6.2"
    react-router "5.0.0"
    tiny-invariant "^1.0.2"
    tiny-warning "^1.0.0"

react-router@5.0.0, react-router@^5.0.0:
  version "5.0.0"
  resolved "https://registry.yarnpkg.com/react-router/-/react-router-5.0.0.tgz#349863f769ffc2fa10ee7331a4296e86bc12879d"
  integrity sha512-6EQDakGdLG/it2x9EaCt9ZpEEPxnd0OCLBHQ1AcITAAx7nCnyvnzf76jKWG1s2/oJ7SSviUgfWHofdYljFexsA==
  dependencies:
    "@babel/runtime" "^7.1.2"
    create-react-context "^0.2.2"
    history "^4.9.0"
    hoist-non-react-statics "^3.1.0"
    loose-envify "^1.3.1"
    path-to-regexp "^1.7.0"
    prop-types "^15.6.2"
    react-is "^16.6.0"
    tiny-invariant "^1.0.2"
    tiny-warning "^1.0.0"

react-side-effect@^1.1.0:
  version "1.1.5"
  resolved "https://registry.yarnpkg.com/react-side-effect/-/react-side-effect-1.1.5.tgz#f26059e50ed9c626d91d661b9f3c8bb38cd0ff2d"
  integrity sha512-Z2ZJE4p/jIfvUpiUMRydEVpQRf2f8GMHczT6qLcARmX7QRb28JDBTpnM2g/i5y/p7ZDEXYGHWg0RbhikE+hJRw==
  dependencies:
    exenv "^1.2.1"
    shallowequal "^1.0.1"

react@^16.8.6:
  version "16.8.6"
  resolved "https://registry.yarnpkg.com/react/-/react-16.8.6.tgz#ad6c3a9614fd3a4e9ef51117f54d888da01f2bbe"
  integrity sha512-pC0uMkhLaHm11ZSJULfOBqV4tIZkx87ZLvbbQYunNixAAvjnC+snJCg0XQXn9VIsttVsbZP/H/ewzgsd5fxKXw==
  dependencies:
    loose-envify "^1.1.0"
    object-assign "^4.1.1"
    prop-types "^15.6.2"
    scheduler "^0.13.6"

readable-stream@^2.0.2, readable-stream@^2.3.6:
  version "2.3.6"
  resolved "https://registry.yarnpkg.com/readable-stream/-/readable-stream-2.3.6.tgz#b11c27d88b8ff1fbe070643cf94b0c79ae1b0aaf"
  integrity sha512-tQtKA9WIAhBF3+VLAseyMqZeBjW0AHJoxOtYqSUZNJxauErmLbVm2FW1y+J/YA9dUrAC39ITejlZWhVIwawkKw==
  dependencies:
    core-util-is "~1.0.0"
    inherits "~2.0.3"
    isarray "~1.0.0"
    process-nextick-args "~2.0.0"
    safe-buffer "~5.1.1"
    string_decoder "~1.1.1"
    util-deprecate "~1.0.1"

redux-thunk@^2.3.0:
  version "2.3.0"
  resolved "https://registry.yarnpkg.com/redux-thunk/-/redux-thunk-2.3.0.tgz#51c2c19a185ed5187aaa9a2d08b666d0d6467622"
  integrity sha512-km6dclyFnmcvxhAcrQV2AkZmPQjzPDjgVlQtR0EQjxZPyJ0BnMf3in1ryuR8A2qU0HldVRfxYXbFSKlI3N7Slw==

redux@^4.0.1:
  version "4.0.1"
  resolved "https://registry.yarnpkg.com/redux/-/redux-4.0.1.tgz#436cae6cc40fbe4727689d7c8fae44808f1bfef5"
  integrity sha512-R7bAtSkk7nY6O/OYMVR9RiBI+XghjF9rlbl5806HJbQph0LJVHZrU5oaO4q70eUKiqMRqm4y07KLTlMZ2BlVmg==
  dependencies:
    loose-envify "^1.4.0"
    symbol-observable "^1.2.0"

regenerator-runtime@^0.13.2:
  version "0.13.2"
  resolved "https://registry.yarnpkg.com/regenerator-runtime/-/regenerator-runtime-0.13.2.tgz#32e59c9a6fb9b1a4aff09b4930ca2d4477343447"
  integrity sha512-S/TQAZJO+D3m9xeN1WTI8dLKBBiRgXBlTJvbWjCThHWZj9EvHK70Ff50/tYj2J/fvBY6JtFVwRuazHN2E7M9BA==

resolve-pathname@^2.2.0:
  version "2.2.0"
  resolved "https://registry.yarnpkg.com/resolve-pathname/-/resolve-pathname-2.2.0.tgz#7e9ae21ed815fd63ab189adeee64dc831eefa879"
  integrity sha512-bAFz9ld18RzJfddgrO2e/0S2O81710++chRMUxHjXOYKF6jTAMrUNZrEZ1PvV0zlhfjidm08iRPdTLPno1FuRg==

ripemd160@^2.0.0, ripemd160@^2.0.1:
  version "2.0.2"
  resolved "https://registry.yarnpkg.com/ripemd160/-/ripemd160-2.0.2.tgz#a1c1a6f624751577ba5d07914cbc92850585890c"
  integrity sha512-ii4iagi25WusVoiC4B4lq7pbXfAp3D9v5CwfkY33vffw2+pkDjY1D8GaN7spsxvCSx8dkPqOZCEZyfxcmJG2IA==
  dependencies:
    hash-base "^3.0.0"
    inherits "^2.0.1"

safe-buffer@^5.0.1, safe-buffer@^5.1.0, safe-buffer@^5.1.1, safe-buffer@^5.1.2, safe-buffer@~5.1.0, safe-buffer@~5.1.1:
  version "5.1.2"
  resolved "https://registry.yarnpkg.com/safe-buffer/-/safe-buffer-5.1.2.tgz#991ec69d296e0313747d59bdfd2b745c35f8828d"
  integrity sha512-Gd2UZBJDkXlY7GbJxfsE8/nvKkUEU1G38c1siN6QP6a9PT9MmHB8GnpscSmMJSoF8LOIrt8ud/wPtojys4G6+g==

"safer-buffer@>= 2.1.2 < 3":
  version "2.1.2"
  resolved "https://registry.yarnpkg.com/safer-buffer/-/safer-buffer-2.1.2.tgz#44fa161b0187b9549dd84bb91802f9bd8385cd6a"
  integrity sha512-YZo3K82SD7Riyi0E1EQPojLz7kpepnSQI9IyPbHHg1XXXevb5dJI7tpyN2ADxGcQbHG7vcyRHk0cbwqcQriUtg==

scheduler@^0.13.6:
  version "0.13.6"
  resolved "https://registry.yarnpkg.com/scheduler/-/scheduler-0.13.6.tgz#466a4ec332467b31a91b9bf74e5347072e4cd889"
  integrity sha512-IWnObHt413ucAYKsD9J1QShUKkbKLQQHdxRyw73sw4FN26iWr3DY/H34xGPe4nmL1DwXyWmSWmMrA9TfQbE/XQ==
  dependencies:
    loose-envify "^1.1.0"
    object-assign "^4.1.1"

setimmediate@^1.0.5:
  version "1.0.5"
  resolved "https://registry.yarnpkg.com/setimmediate/-/setimmediate-1.0.5.tgz#290cbb232e306942d7d7ea9b83732ab7856f8285"
  integrity sha1-KQy7Iy4waULX1+qbg3Mqt4VvgoU=

sha.js@^2.4.0, sha.js@^2.4.8:
  version "2.4.11"
  resolved "https://registry.yarnpkg.com/sha.js/-/sha.js-2.4.11.tgz#37a5cf0b81ecbc6943de109ba2960d1b26584ae7"
  integrity sha512-QMEp5B7cftE7APOjk5Y6xgrbWu+WkLVQwk8JNjZ8nKRciZaByEW6MubieAiToS7+dwvrjGhH8jRXz3MVd0AYqQ==
  dependencies:
    inherits "^2.0.1"
    safe-buffer "^5.0.1"

shallowequal@^1.0.1:
  version "1.1.0"
  resolved "https://registry.yarnpkg.com/shallowequal/-/shallowequal-1.1.0.tgz#188d521de95b9087404fd4dcb68b13df0ae4e7f8"
  integrity sha512-y0m1JoUZSlPAjXVtPPW70aZWfIL/dSP7AFkRnniLCrK/8MDKog3TySTBmckD+RObVxH0v4Tox67+F14PdED2oQ==

simpl-schema@^1.5.5:
  version "1.5.5"
  resolved "https://registry.yarnpkg.com/simpl-schema/-/simpl-schema-1.5.5.tgz#0bcba6f2445547e6edb79e066b50c6d83b9b490b"
  integrity sha512-LEAKeqXS9VDpH7sVXmsIJsED7fdMj/WAP0roZw0u0IzOgQV7n3x7jcf722cl7WM6U5ANwI4wwv0dujLuwv266A==
  dependencies:
    clone "^2.1.1"
    extend "^3.0.1"
    lodash.every "^4.6.0"
    lodash.find "^4.6.0"
    lodash.findwhere "^3.1.0"
    lodash.includes "^4.3.0"
    lodash.isempty "^4.4.0"
    lodash.isobject "^3.0.2"
    lodash.omit "^4.5.0"
    lodash.pick "^4.4.0"
    lodash.union "^4.6.0"
    lodash.uniq "^4.5.0"
    message-box "^0.2.0"
    mongo-object "^0.1.3"

stream-browserify@^2.0.1:
  version "2.0.2"
  resolved "https://registry.yarnpkg.com/stream-browserify/-/stream-browserify-2.0.2.tgz#87521d38a44aa7ee91ce1cd2a47df0cb49dd660b"
  integrity sha512-nX6hmklHs/gr2FuxYDltq8fJA1GDlxKQCz8O/IM4atRqBH8OORmBNgfvW5gG10GT/qQ9u0CzIvr2X5Pkt6ntqg==
  dependencies:
    inherits "~2.0.1"
    readable-stream "^2.0.2"

stream-http@^2.8.0:
  version "2.8.3"
  resolved "https://registry.yarnpkg.com/stream-http/-/stream-http-2.8.3.tgz#b2d242469288a5a27ec4fe8933acf623de6514fc"
  integrity sha512-+TSkfINHDo4J+ZobQLWiMouQYB+UVYFttRA94FpEzzJ7ZdqcL4uUUQ7WkdkI4DSozGmgBUE/a47L+38PenXhUw==
  dependencies:
    builtin-status-codes "^3.0.0"
    inherits "^2.0.1"
    readable-stream "^2.3.6"
    to-arraybuffer "^1.0.0"
    xtend "^4.0.0"

string_decoder@^1.1.0:
  version "1.2.0"
  resolved "https://registry.yarnpkg.com/string_decoder/-/string_decoder-1.2.0.tgz#fe86e738b19544afe70469243b2a1ee9240eae8d"
  integrity sha512-6YqyX6ZWEYguAxgZzHGL7SsCeGx3V2TtOTqZz1xSTSWnqsbWwbptafNyvf/ACquZUXV3DANr5BDIwNYe1mN42w==
  dependencies:
    safe-buffer "~5.1.0"

string_decoder@~1.1.1:
  version "1.1.1"
  resolved "https://registry.yarnpkg.com/string_decoder/-/string_decoder-1.1.1.tgz#9cf1611ba62685d7030ae9e4ba34149c3af03fc8"
  integrity sha512-n/ShnvDi6FHbbVfviro+WojiFzv+s8MPMHBczVePfUpDJLwoLT0ht1l4YwBCbi8pJAveEEdnkHyPyTP/mzRfwg==
  dependencies:
    safe-buffer "~5.1.0"

symbol-observable@^1.2.0:
  version "1.2.0"
  resolved "https://registry.yarnpkg.com/symbol-observable/-/symbol-observable-1.2.0.tgz#c22688aed4eab3cdc2dfeacbb561660560a00804"
  integrity sha512-e900nM8RRtGhlV36KGEU9k65K3mPb1WV70OdjfxlG2EAuM1noi/E/BaW/uMhL7bPEssK8QV57vN3esixjUvcXQ==

timers-browserify@^1.4.2:
  version "1.4.2"
  resolved "https://registry.yarnpkg.com/timers-browserify/-/timers-browserify-1.4.2.tgz#c9c58b575be8407375cb5e2462dacee74359f41d"
  integrity sha1-ycWLV1voQHN1y14kYtrO50NZ9B0=
  dependencies:
    process "~0.11.0"

tiny-invariant@^1.0.2:
  version "1.0.4"
  resolved "https://registry.yarnpkg.com/tiny-invariant/-/tiny-invariant-1.0.4.tgz#346b5415fd93cb696b0c4e8a96697ff590f92463"
  integrity sha512-lMhRd/djQJ3MoaHEBrw8e2/uM4rs9YMNk0iOr8rHQ0QdbM7D4l0gFl3szKdeixrlyfm9Zqi4dxHCM2qVG8ND5g==

tiny-warning@^1.0.0:
  version "1.0.2"
  resolved "https://registry.yarnpkg.com/tiny-warning/-/tiny-warning-1.0.2.tgz#1dfae771ee1a04396bdfde27a3adcebc6b648b28"
  integrity sha512-rru86D9CpQRLvsFG5XFdy0KdLAvjdQDyZCsRcuu60WtzFylDM3eAWSxEVz5kzL2Gp544XiUvPbVKtOA/txLi9Q==

to-arraybuffer@^1.0.0:
  version "1.0.1"
  resolved "https://registry.yarnpkg.com/to-arraybuffer/-/to-arraybuffer-1.0.1.tgz#7d229b1fcc637e466ca081180836a7aabff83f43"
  integrity sha1-fSKbH8xjfkZsoIEYCDanqr/4P0M=

tty-browserify@0.0.0:
  version "0.0.0"
  resolved "https://registry.yarnpkg.com/tty-browserify/-/tty-browserify-0.0.0.tgz#a157ba402da24e9bf957f9aa69d524eed42901a6"
  integrity sha1-oVe6QC2iTpv5V/mqadUk7tQpAaY=

ua-parser-js@^0.7.18:
  version "0.7.19"
  resolved "https://registry.yarnpkg.com/ua-parser-js/-/ua-parser-js-0.7.19.tgz#94151be4c0a7fb1d001af7022fdaca4642659e4b"
  integrity sha512-T3PVJ6uz8i0HzPxOF9SWzWAlfN/DavlpQqepn22xgve/5QecC+XMCAtmUNnY7C9StehaV6exjUCI801lOI7QlQ==

url@^0.11.0:
  version "0.11.0"
  resolved "https://registry.yarnpkg.com/url/-/url-0.11.0.tgz#3838e97cfc60521eb73c525a8e55bfdd9e2e28f1"
  integrity sha1-ODjpfPxgUh63PFJajlW/3Z4uKPE=
  dependencies:
    punycode "1.3.2"
    querystring "0.2.0"

util-deprecate@~1.0.1:
  version "1.0.2"
  resolved "https://registry.yarnpkg.com/util-deprecate/-/util-deprecate-1.0.2.tgz#450d4dc9fa70de732762fbd2d4a28981419a0ccf"
  integrity sha1-RQ1Nyfpw3nMnYvvS1KKJgUGaDM8=

util@0.10.3:
  version "0.10.3"
  resolved "https://registry.yarnpkg.com/util/-/util-0.10.3.tgz#7afb1afe50805246489e3db7fe0ed379336ac0f9"
  integrity sha1-evsa/lCAUkZInj23/g7TeTNqwPk=
  dependencies:
    inherits "2.0.1"

util@^0.10.3:
  version "0.10.4"
  resolved "https://registry.yarnpkg.com/util/-/util-0.10.4.tgz#3aa0125bfe668a4672de58857d3ace27ecb76901"
  integrity sha512-0Pm9hTQ3se5ll1XihRic3FDIku70C+iHUdT/W926rSgHV5QgXsYbKZN8MSC3tJtSkhuROzvsQjAaFENRXr+19A==
  dependencies:
    inherits "2.0.3"

value-equal@^0.4.0:
  version "0.4.0"
  resolved "https://registry.yarnpkg.com/value-equal/-/value-equal-0.4.0.tgz#c5bdd2f54ee093c04839d71ce2e4758a6890abc7"
  integrity sha512-x+cYdNnaA3CxvMaTX0INdTCN8m8aF2uY9BvEqmxuYp8bL09cs/kWVQPVGcA35fMktdOsP69IgU7wFj/61dJHEw==

vm-browserify@0.0.4:
  version "0.0.4"
  resolved "https://registry.yarnpkg.com/vm-browserify/-/vm-browserify-0.0.4.tgz#5d7ea45bbef9e4a6ff65f95438e0a87c357d5a73"
  integrity sha1-XX6kW7755Kb/ZflUOOCofDV9WnM=
  dependencies:
    indexof "0.0.1"

whatwg-fetch@>=0.10.0:
  version "3.0.0"
  resolved "https://registry.yarnpkg.com/whatwg-fetch/-/whatwg-fetch-3.0.0.tgz#fc804e458cc460009b1a2b966bc8817d2578aefb"
  integrity sha512-9GSJUgz1D4MfyKU7KRqwOjXCXTqWdFNvEr7eUBYchQiVc744mqK/MzXPNR2WsPkmkOa4ywfg8C2n8h+13Bey1Q==

xtend@^4.0.0:
  version "4.0.1"
  resolved "https://registry.yarnpkg.com/xtend/-/xtend-4.0.1.tgz#a5c6d532be656e23db820efb943a1f04998d63af"
  integrity sha1-pcbVMr5lbiPbgg77lDofBJmNY68=
